// !$*UTF8*$!
{
	archiveVersion = 1;
	classes = {
	};
	objectVersion = 56;
	objects = {

/* Begin PBXBuildFile section */
		031A6C7C712C4C35A9F355D5 /* ThemedModeCard.swift in Sources */ = {isa = PBXBuildFile; fileRef = DCC32AF7354E4796808E0C02 /* ThemedModeCard.swift */; };
		10CD1806B98A4C2BA78FE8E0 /* StarfieldLayer.swift in Sources */ = {isa = PBXBuildFile; fileRef = C53282E128F94831B022578F /* StarfieldLayer.swift */; };
		28D7422948074B1AB80BED07 /* AuroraLayer.swift in Sources */ = {isa = PBXBuildFile; fileRef = 08D8EA15A69E407FA5C0DE38 /* AuroraLayer.swift */; };
		3DDC9FEC1F214577BB1E4C24 /* ThemedBackground.swift in Sources */ = {isa = PBXBuildFile; fileRef = 88664C265D414C478E1CB892 /* ThemedBackground.swift */; };
		4C93FBB270B24FC7AD2F3BBC /* ThemeManager.swift in Sources */ = {isa = PBXBuildFile; fileRef = 861AACB0332D483FA5A53069 /* ThemeManager.swift */; };
		52D1A9935AAD4FE590489FB2 /* EmberLayer.swift in Sources */ = {isa = PBXBuildFile; fileRef = 6AF645F0B7D04A6F8E82BCDC /* EmberLayer.swift */; };
		652901C31442124FA8C86FE3 /* AuroraShader.metal in Sources */ = {isa = PBXBuildFile; fileRef = 0365CBDCBF3ED7E6C1352F47 /* AuroraShader.metal */; };
		8DAAE65B1BB24C1B978C9ED7 /* MatrixRainLayer.swift in Sources */ = {isa = PBXBuildFile; fileRef = AF45E7B8283642DB88C7201E /* MatrixRainLayer.swift */; };
		A10001 /* ZentimeApp.swift in Sources */ = {isa = PBXBuildFile; fileRef = B10001 /* ZentimeApp.swift */; };
		A10002 /* ContentView.swift in Sources */ = {isa = PBXBuildFile; fileRef = B10002 /* ContentView.swift */; };
		A10003 /* AppMode.swift in Sources */ = {isa = PBXBuildFile; fileRef = B10003 /* AppMode.swift */; };
		A10004 /* TimerConfig.swift in Sources */ = {isa = PBXBuildFile; fileRef = B10004 /* TimerConfig.swift */; };
		A10005 /* TimerPhase.swift in Sources */ = {isa = PBXBuildFile; fileRef = B10005 /* TimerPhase.swift */; };
		A10006 /* TimerViewModel.swift in Sources */ = {isa = PBXBuildFile; fileRef = B10006 /* TimerViewModel.swift */; };
		A10007 /* HomeView.swift in Sources */ = {isa = PBXBuildFile; fileRef = B10007 /* HomeView.swift */; };
		A10008 /* SetupView.swift in Sources */ = {isa = PBXBuildFile; fileRef = B10008 /* SetupView.swift */; };
		A10009 /* TimePickerSheet.swift in Sources */ = {isa = PBXBuildFile; fileRef = B10009 /* TimePickerSheet.swift */; };
		A10010 /* ActiveTimerView.swift in Sources */ = {isa = PBXBuildFile; fileRef = B10010 /* ActiveTimerView.swift */; };
		A10011 /* CircularProgressRing.swift in Sources */ = {isa = PBXBuildFile; fileRef = B10011 /* CircularProgressRing.swift */; };
		A10012 /* ModeCard.swift in Sources */ = {isa = PBXBuildFile; fileRef = B10012 /* ModeCard.swift */; };
		A10013 /* RoundStepper.swift in Sources */ = {isa = PBXBuildFile; fileRef = B10013 /* RoundStepper.swift */; };
		A10014 /* AudioManager.swift in Sources */ = {isa = PBXBuildFile; fileRef = B10014 /* AudioManager.swift */; };
		A10015 /* ZentimeTheme.swift in Sources */ = {isa = PBXBuildFile; fileRef = B10015 /* ZentimeTheme.swift */; };
		A10016 /* focus_brown_noise_10m.mp3 in Resources */ = {isa = PBXBuildFile; fileRef = B10016 /* focus_brown_noise_10m.mp3 */; };
		A10017 /* brain_reset_852hz_5m.mp3 in Resources */ = {isa = PBXBuildFile; fileRef = B10017 /* brain_reset_852hz_5m.mp3 */; };
		A10018 /* NowPlayingBar.swift in Sources */ = {isa = PBXBuildFile; fileRef = B10018 /* NowPlayingBar.swift */; };
		A10019 /* HapticManager.swift in Sources */ = {isa = PBXBuildFile; fileRef = B10019 /* HapticManager.swift */; };
		A8DEF172062C4B089CC03E1A /* ThemeSwitcher.swift in Sources */ = {isa = PBXBuildFile; fileRef = B1AECB21D27549ABB5E35A8A /* ThemeSwitcher.swift */; };
		F57C7FCA71CF43948437E221 /* PetalLayer.swift in Sources */ = {isa = PBXBuildFile; fileRef = 116EB593D740409B844B37B0 /* PetalLayer.swift */; };
		FA000011 /* SpaceBackgroundLayer.swift in Sources */ = {isa = PBXBuildFile; fileRef = FA000001 /* SpaceBackgroundLayer.swift */; };
		FA000012 /* StreakCard.swift in Sources */ = {isa = PBXBuildFile; fileRef = FA000002 /* StreakCard.swift */; };
		FA000013 /* ModeSelector.swift in Sources */ = {isa = PBXBuildFile; fileRef = FA000003 /* ModeSelector.swift */; };
		FA000031B4C7E3D9A5820F6C /* GalacticBackgroundLayer.swift in Sources */ = {isa = PBXBuildFile; fileRef = FA000021B4C7E3D9A5820F6C /* GalacticBackgroundLayer.swift */; };
		FBD7073940CB430EB15B8797 /* PrototypeTheme.swift in Sources */ = {isa = PBXBuildFile; fileRef = EFFE61DE51DE4910A1359A86 /* PrototypeTheme.swift */; };
/* End PBXBuildFile section */

/* Begin PBXFileReference section */
		0365CBDCBF3ED7E6C1352F47 /* AuroraShader.metal */ = {isa = PBXFileReference; includeInIndex = 1; path = AuroraShader.metal; sourceTree = "<group>"; };
		08D8EA15A69E407FA5C0DE38 /* AuroraLayer.swift */ = {isa = PBXFileReference; lastKnownFileType = sourcecode.swift; path = AuroraLayer.swift; sourceTree = "<group>"; };
		116EB593D740409B844B37B0 /* PetalLayer.swift */ = {isa = PBXFileReference; lastKnownFileType = sourcecode.swift; path = PetalLayer.swift; sourceTree = "<group>"; };
		6AF645F0B7D04A6F8E82BCDC /* EmberLayer.swift */ = {isa = PBXFileReference; lastKnownFileType = sourcecode.swift; path = EmberLayer.swift; sourceTree = "<group>"; };
		861AACB0332D483FA5A53069 /* ThemeManager.swift */ = {isa = PBXFileReference; lastKnownFileType = sourcecode.swift; path = ThemeManager.swift; sourceTree = "<group>"; };
		88664C265D414C478E1CB892 /* ThemedBackground.swift */ = {isa = PBXFileReference; lastKnownFileType = sourcecode.swift; path = ThemedBackground.swift; sourceTree = "<group>"; };
		AF45E7B8283642DB88C7201E /* MatrixRainLayer.swift */ = {isa = PBXFileReference; lastKnownFileType = sourcecode.swift; path = MatrixRainLayer.swift; sourceTree = "<group>"; };
		B10000 /* Zentime.app */ = {isa = PBXFileReference; explicitFileType = wrapper.application; includeInIndex = 0; path = Zentime.app; sourceTree = BUILT_PRODUCTS_DIR; };
		B10001 /* ZentimeApp.swift */ = {isa = PBXFileReference; lastKnownFileType = sourcecode.swift; path = ZentimeApp.swift; sourceTree = "<group>"; };
		B10002 /* ContentView.swift */ = {isa = PBXFileReference; lastKnownFileType = sourcecode.swift; path = ContentView.swift; sourceTree = "<group>"; };
		B10003 /* AppMode.swift */ = {isa = PBXFileReference; lastKnownFileType = sourcecode.swift; path = AppMode.swift; sourceTree = "<group>"; };
		B10004 /* TimerConfig.swift */ = {isa = PBXFileReference; lastKnownFileType = sourcecode.swift; path = TimerConfig.swift; sourceTree = "<group>"; };
		B10005 /* TimerPhase.swift */ = {isa = PBXFileReference; lastKnownFileType = sourcecode.swift; path = TimerPhase.swift; sourceTree = "<group>"; };
		B10006 /* TimerViewModel.swift */ = {isa = PBXFileReference; lastKnownFileType = sourcecode.swift; path = TimerViewModel.swift; sourceTree = "<group>"; };
		B10007 /* HomeView.swift */ = {isa = PBXFileReference; lastKnownFileType = sourcecode.swift; path = HomeView.swift; sourceTree = "<group>"; };
		B10008 /* SetupView.swift */ = {isa = PBXFileReference; lastKnownFileType = sourcecode.swift; path = SetupView.swift; sourceTree = "<group>"; };
		B10009 /* TimePickerSheet.swift */ = {isa = PBXFileReference; lastKnownFileType = sourcecode.swift; path = TimePickerSheet.swift; sourceTree = "<group>"; };
		B10010 /* ActiveTimerView.swift */ = {isa = PBXFileReference; lastKnownFileType = sourcecode.swift; path = ActiveTimerView.swift; sourceTree = "<group>"; };
		B10011 /* CircularProgressRing.swift */ = {isa = PBXFileReference; lastKnownFileType = sourcecode.swift; path = CircularProgressRing.swift; sourceTree = "<group>"; };
		B10012 /* ModeCard.swift */ = {isa = PBXFileReference; lastKnownFileType = sourcecode.swift; path = ModeCard.swift; sourceTree = "<group>"; };
		B10013 /* RoundStepper.swift */ = {isa = PBXFileReference; lastKnownFileType = sourcecode.swift; path = RoundStepper.swift; sourceTree = "<group>"; };
		B10014 /* AudioManager.swift */ = {isa = PBXFileReference; lastKnownFileType = sourcecode.swift; path = AudioManager.swift; sourceTree = "<group>"; };
		B10015 /* ZentimeTheme.swift */ = {isa = PBXFileReference; lastKnownFileType = sourcecode.swift; path = ZentimeTheme.swift; sourceTree = "<group>"; };
		B10016 /* focus_brown_noise_10m.mp3 */ = {isa = PBXFileReference; lastKnownFileType = audio.mp3; path = focus_brown_noise_10m.mp3; sourceTree = "<group>"; };
		B10017 /* brain_reset_852hz_5m.mp3 */ = {isa = PBXFileReference; lastKnownFileType = audio.mp3; path = brain_reset_852hz_5m.mp3; sourceTree = "<group>"; };
		B10018 /* NowPlayingBar.swift */ = {isa = PBXFileReference; lastKnownFileType = sourcecode.swift; path = NowPlayingBar.swift; sourceTree = "<group>"; };
		B10019 /* HapticManager.swift */ = {isa = PBXFileReference; lastKnownFileType = sourcecode.swift; path = HapticManager.swift; sourceTree = "<group>"; };
		B1AECB21D27549ABB5E35A8A /* ThemeSwitcher.swift */ = {isa = PBXFileReference; lastKnownFileType = sourcecode.swift; path = ThemeSwitcher.swift; sourceTree = "<group>"; };
		C53282E128F94831B022578F /* StarfieldLayer.swift */ = {isa = PBXFileReference; lastKnownFileType = sourcecode.swift; path = StarfieldLayer.swift; sourceTree = "<group>"; };
		DCC32AF7354E4796808E0C02 /* ThemedModeCard.swift */ = {isa = PBXFileReference; lastKnownFileType = sourcecode.swift; path = ThemedModeCard.swift; sourceTree = "<group>"; };
		EFFE61DE51DE4910A1359A86 /* PrototypeTheme.swift */ = {isa = PBXFileReference; lastKnownFileType = sourcecode.swift; path = PrototypeTheme.swift; sourceTree = "<group>"; };
		FA000001 /* SpaceBackgroundLayer.swift */ = {isa = PBXFileReference; lastKnownFileType = sourcecode.swift; path = SpaceBackgroundLayer.swift; sourceTree = "<group>"; };
		FA000002 /* StreakCard.swift */ = {isa = PBXFileReference; lastKnownFileType = sourcecode.swift; path = StreakCard.swift; sourceTree = "<group>"; };
		FA000003 /* ModeSelector.swift */ = {isa = PBXFileReference; lastKnownFileType = sourcecode.swift; path = ModeSelector.swift; sourceTree = "<group>"; };
		FA000021B4C7E3D9A5820F6C /* GalacticBackgroundLayer.swift */ = {isa = PBXFileReference; lastKnownFileType = sourcecode.swift; path = GalacticBackgroundLayer.swift; sourceTree = "<group>"; };
/* End PBXFileReference section */

/* Begin PBXFrameworksBuildPhase section */
		C10001 /* Frameworks */ = {
			isa = PBXFrameworksBuildPhase;
			buildActionMask = 2147483647;
			files = (
			);
			runOnlyForDeploymentPostprocessing = 0;
		};
/* End PBXFrameworksBuildPhase section */

/* Begin PBXGroup section */
		52B05C794FC645358CE0D921 /* AnimationLayers */ = {
			isa = PBXGroup;
			children = (
				C53282E128F94831B022578F /* StarfieldLayer.swift */,
				08D8EA15A69E407FA5C0DE38 /* AuroraLayer.swift */,
				6AF645F0B7D04A6F8E82BCDC /* EmberLayer.swift */,
				116EB593D740409B844B37B0 /* PetalLayer.swift */,
				AF45E7B8283642DB88C7201E /* MatrixRainLayer.swift */,
				FA000001 /* SpaceBackgroundLayer.swift */,
				FA000021B4C7E3D9A5820F6C /* GalacticBackgroundLayer.swift */,
			);
			path = AnimationLayers;
			sourceTree = "<group>";
		};
		B133E73E57CAB4D84B15362D /* Shaders */ = {
			isa = PBXGroup;
			children = (
				0365CBDCBF3ED7E6C1352F47 /* AuroraShader.metal */,
			);
			name = Shaders;
			path = Shaders;
			sourceTree = "<group>";
		};
		D10000 = {
			isa = PBXGroup;
			children = (
				D10001 /* Zentime */,
				D10009 /* Products */,
			);
			sourceTree = "<group>";
		};
		D10001 /* Zentime */ = {
			isa = PBXGroup;
			children = (
				B10001 /* ZentimeApp.swift */,
				B10002 /* ContentView.swift */,
				D10002 /* Models */,
				D10003 /* ViewModels */,
				D10004 /* Views */,
				D10006 /* Services */,
				D10007 /* Theme */,
				D10008 /* Resources */,
				B133E73E57CAB4D84B15362D /* Shaders */,
			);
			path = Zentime;
			sourceTree = "<group>";
		};
		D10002 /* Models */ = {
			isa = PBXGroup;
			children = (
				B10003 /* AppMode.swift */,
				B10004 /* TimerConfig.swift */,
				B10005 /* TimerPhase.swift */,
			);
			path = Models;
			sourceTree = "<group>";
		};
		D10003 /* ViewModels */ = {
			isa = PBXGroup;
			children = (
				B10006 /* TimerViewModel.swift */,
			);
			path = ViewModels;
			sourceTree = "<group>";
		};
		D10004 /* Views */ = {
			isa = PBXGroup;
			children = (
				B10007 /* HomeView.swift */,
				B10008 /* SetupView.swift */,
				B10009 /* TimePickerSheet.swift */,
				B10010 /* ActiveTimerView.swift */,
				D10005 /* Components */,
				E503B40D4FF447C8A4DE0235 /* Prototypes */,
			);
			path = Views;
			sourceTree = "<group>";
		};
		D10005 /* Components */ = {
			isa = PBXGroup;
			children = (
				B10011 /* CircularProgressRing.swift */,
				B10012 /* ModeCard.swift */,
				B10018 /* NowPlayingBar.swift */,
				B10013 /* RoundStepper.swift */,
				B1AECB21D27549ABB5E35A8A /* ThemeSwitcher.swift */,
				FA000002 /* StreakCard.swift */,
				FA000003 /* ModeSelector.swift */,
			);
			path = Components;
			sourceTree = "<group>";
		};
		D10006 /* Services */ = {
			isa = PBXGroup;
			children = (
				B10014 /* AudioManager.swift */,
				B10019 /* HapticManager.swift */,
			);
			path = Services;
			sourceTree = "<group>";
		};
		D10007 /* Theme */ = {
			isa = PBXGroup;
			children = (
				B10015 /* ZentimeTheme.swift */,
				EFFE61DE51DE4910A1359A86 /* PrototypeTheme.swift */,
				861AACB0332D483FA5A53069 /* ThemeManager.swift */,
			);
			path = Theme;
			sourceTree = "<group>";
		};
		D10008 /* Resources */ = {
			isa = PBXGroup;
			children = (
				B10016 /* focus_brown_noise_10m.mp3 */,
				B10017 /* brain_reset_852hz_5m.mp3 */,
			);
			path = Resources;
			sourceTree = "<group>";
		};
		D10009 /* Products */ = {
			isa = PBXGroup;
			children = (
				B10000 /* Zentime.app */,
			);
			name = Products;
			sourceTree = "<group>";
		};
		E503B40D4FF447C8A4DE0235 /* Prototypes */ = {
			isa = PBXGroup;
			children = (
				52B05C794FC645358CE0D921 /* AnimationLayers */,
				88664C265D414C478E1CB892 /* ThemedBackground.swift */,
				DCC32AF7354E4796808E0C02 /* ThemedModeCard.swift */,
			);
			path = Prototypes;
			sourceTree = "<group>";
		};
/* End PBXGroup section */

/* Begin PBXNativeTarget section */
		E10001 /* Zentime */ = {
			isa = PBXNativeTarget;
			buildConfigurationList = F10003 /* Build configuration list for PBXNativeTarget "Zentime" */;
			buildPhases = (
				C10002 /* Sources */,
				C10001 /* Frameworks */,
				C10003 /* Resources */,
			);
			buildRules = (
			);
			dependencies = (
			);
			name = Zentime;
			productName = Zentime;
			productReference = B10000 /* Zentime.app */;
			productType = "com.apple.product-type.application";
		};
/* End PBXNativeTarget section */

/* Begin PBXProject section */
		E10000 /* Project object */ = {
			isa = PBXProject;
			attributes = {
				BuildIndependentTargetsInParallel = 1;
				LastSwiftUpdateCheck = 1500;
				LastUpgradeCheck = 1500;
				TargetAttributes = {
					E10001 = {
						CreatedOnToolsVersion = 15.0;
					};
				};
			};
			buildConfigurationList = F10001 /* Build configuration list for PBXProject "Zentime" */;
			compatibilityVersion = "Xcode 14.0";
			developmentRegion = en;
			hasScannedForEncodings = 0;
			knownRegions = (
				en,
				Base,
			);
			mainGroup = D10000;
			productRefGroup = D10009 /* Products */;
			projectDirPath = "";
			projectRoot = "";
			targets = (
				E10001 /* Zentime */,
			);
		};
/* End PBXProject section */

/* Begin PBXResourcesBuildPhase section */
		C10003 /* Resources */ = {
			isa = PBXResourcesBuildPhase;
			buildActionMask = 2147483647;
			files = (
				A10016 /* focus_brown_noise_10m.mp3 in Resources */,
				A10017 /* brain_reset_852hz_5m.mp3 in Resources */,
			);
			runOnlyForDeploymentPostprocessing = 0;
		};
/* End PBXResourcesBuildPhase section */

/* Begin PBXSourcesBuildPhase section */
		C10002 /* Sources */ = {
			isa = PBXSourcesBuildPhase;
			buildActionMask = 2147483647;
			files = (
				A10001 /* ZentimeApp.swift in Sources */,
				A10002 /* ContentView.swift in Sources */,
				A10003 /* AppMode.swift in Sources */,
				A10004 /* TimerConfig.swift in Sources */,
				A10005 /* TimerPhase.swift in Sources */,
				A10006 /* TimerViewModel.swift in Sources */,
				A10007 /* HomeView.swift in Sources */,
				A10008 /* SetupView.swift in Sources */,
				A10009 /* TimePickerSheet.swift in Sources */,
				A10010 /* ActiveTimerView.swift in Sources */,
				A10011 /* CircularProgressRing.swift in Sources */,
				A10012 /* ModeCard.swift in Sources */,
				A10013 /* RoundStepper.swift in Sources */,
				A10014 /* AudioManager.swift in Sources */,
				A10015 /* ZentimeTheme.swift in Sources */,
				A10018 /* NowPlayingBar.swift in Sources */,
				A10019 /* HapticManager.swift in Sources */,
				FBD7073940CB430EB15B8797 /* PrototypeTheme.swift in Sources */,
				4C93FBB270B24FC7AD2F3BBC /* ThemeManager.swift in Sources */,
				10CD1806B98A4C2BA78FE8E0 /* StarfieldLayer.swift in Sources */,
				28D7422948074B1AB80BED07 /* AuroraLayer.swift in Sources */,
				52D1A9935AAD4FE590489FB2 /* EmberLayer.swift in Sources */,
				F57C7FCA71CF43948437E221 /* PetalLayer.swift in Sources */,
				8DAAE65B1BB24C1B978C9ED7 /* MatrixRainLayer.swift in Sources */,
				3DDC9FEC1F214577BB1E4C24 /* ThemedBackground.swift in Sources */,
				031A6C7C712C4C35A9F355D5 /* ThemedModeCard.swift in Sources */,
				A8DEF172062C4B089CC03E1A /* ThemeSwitcher.swift in Sources */,
				FA000011 /* SpaceBackgroundLayer.swift in Sources */,
				FA000031B4C7E3D9A5820F6C /* GalacticBackgroundLayer.swift in Sources */,
				FA000012 /* StreakCard.swift in Sources */,
				FA000013 /* ModeSelector.swift in Sources */,
				652901C31442124FA8C86FE3 /* AuroraShader.metal in Sources */,
			);
			runOnlyForDeploymentPostprocessing = 0;
		};
/* End PBXSourcesBuildPhase section */

/* Begin XCBuildConfiguration section */
		F10D01 /* Debug */ = {
			isa = XCBuildConfiguration;
			buildSettings = {
				ALWAYS_SEARCH_USER_PATHS = NO;
				ASSETCATALOG_COMPILER_GENERATE_SWIFT_ASSET_SYMBOL_EXTENSIONS = YES;
				CLANG_ANALYZER_NONNULL = YES;
				CLANG_ANALYZER_NUMBER_OBJECT_CONVERSION = YES_AGGRESSIVE;
				CLANG_CXX_LANGUAGE_STANDARD = "gnu++20";
				CLANG_ENABLE_MODULES = YES;
				CLANG_ENABLE_OBJC_ARC = YES;
				CLANG_ENABLE_OBJC_WEAK = YES;
				CLANG_WARN_BLOCK_CAPTURE_AUTORELEASING = YES;
				CLANG_WARN_BOOL_CONVERSION = YES;
				CLANG_WARN_COMMA = YES;
				CLANG_WARN_CONSTANT_CONVERSION = YES;
				CLANG_WARN_DEPRECATED_OBJC_IMPLEMENTATIONS = YES;
				CLANG_WARN_DIRECT_OBJC_ISA_USAGE = YES_ERROR;
				CLANG_WARN_DOCUMENTATION_COMMENTS = YES;
				CLANG_WARN_EMPTY_BODY = YES;
				CLANG_WARN_ENUM_CONVERSION = YES;
				CLANG_WARN_INFINITE_RECURSION = YES;
				CLANG_WARN_INT_CONVERSION = YES;
				CLANG_WARN_NON_LITERAL_NULL_CONVERSION = YES;
				CLANG_WARN_OBJC_IMPLICIT_RETAIN_SELF = YES;
				CLANG_WARN_OBJC_LITERAL_CONVERSION = YES;
				CLANG_WARN_OBJC_ROOT_CLASS = YES_ERROR;
				CLANG_WARN_QUOTED_INCLUDE_IN_FRAMEWORK_HEADER = YES;
				CLANG_WARN_RANGE_LOOP_ANALYSIS = YES;
				CLANG_WARN_STRICT_PROTOTYPES = YES;
				CLANG_WARN_SUSPICIOUS_MOVE = YES;
				CLANG_WARN_UNGUARDED_AVAILABILITY = YES_AGGRESSIVE;
				CLANG_WARN_UNREACHABLE_CODE = YES;
				CLANG_WARN__DUPLICATE_METHOD_MATCH = YES;
				COPY_PHASE_STRIP = NO;
				DEBUG_INFORMATION_FORMAT = dwarf;
				ENABLE_STRICT_OBJC_MSGSEND = YES;
				ENABLE_TESTABILITY = YES;
				ENABLE_USER_SCRIPT_SANDBOXING = YES;
				GCC_C_LANGUAGE_STANDARD = gnu17;
				GCC_DYNAMIC_NO_PIC = NO;
				GCC_NO_COMMON_BLOCKS = YES;
				GCC_OPTIMIZATION_LEVEL = 0;
				GCC_PREPROCESSOR_DEFINITIONS = (
					"DEBUG=1",
					"$(inherited)",
				);
				GCC_WARN_64_TO_32_BIT_CONVERSION = YES;
				GCC_WARN_ABOUT_RETURN_TYPE = YES_ERROR;
				GCC_WARN_UNDECLARED_SELECTOR = YES;
				GCC_WARN_UNINITIALIZED_AUTOS = YES_AGGRESSIVE;
				GCC_WARN_UNUSED_FUNCTION = YES;
				GCC_WARN_UNUSED_VARIABLE = YES;
				IPHONEOS_DEPLOYMENT_TARGET = 17.0;
				MTL_ENABLE_DEBUG_INFO = INCLUDE_SOURCE;
				MTL_FAST_MATH = YES;
				ONLY_ACTIVE_ARCH = YES;
				SDKROOT = iphoneos;
				SWIFT_ACTIVE_COMPILATION_CONDITIONS = "DEBUG $(inherited)";
				SWIFT_OPTIMIZATION_LEVEL = "-Onone";
			};
			name = Debug;
		};
		F10D02 /* Debug */ = {
			isa = XCBuildConfiguration;
			buildSettings = {
				ASSETCATALOG_COMPILER_APPICON_NAME = AppIcon;
				ASSETCATALOG_COMPILER_GLOBAL_ACCENT_COLOR_NAME = AccentColor;
				CODE_SIGN_STYLE = Automatic;
				CURRENT_PROJECT_VERSION = 1;
				DEVELOPMENT_TEAM = N4TKU4CSPM;
				GENERATE_INFOPLIST_FILE = YES;
				INFOPLIST_FILE = Zentime/Info.plist;
				INFOPLIST_KEY_UIApplicationSceneManifest_Generation = YES;
				INFOPLIST_KEY_UIApplicationSupportsIndirectInputEvents = YES;
				INFOPLIST_KEY_UILaunchScreen_Generation = YES;
				INFOPLIST_KEY_UISupportedInterfaceOrientations_iPad = "UIInterfaceOrientationPortrait UIInterfaceOrientationPortraitUpsideDown UIInterfaceOrientationLandscapeLeft UIInterfaceOrientationLandscapeRight";
				INFOPLIST_KEY_UISupportedInterfaceOrientations_iPhone = "UIInterfaceOrientationPortrait UIInterfaceOrientationLandscapeLeft UIInterfaceOrientationLandscapeRight";
				LD_RUNPATH_SEARCH_PATHS = (
					"$(inherited)",
					"@executable_path/Frameworks",
				);
				MARKETING_VERSION = 1.0;
				PRODUCT_BUNDLE_IDENTIFIER = com.zentime.app;
				PRODUCT_NAME = "$(TARGET_NAME)";
				SWIFT_EMIT_LOC_STRINGS = YES;
				SWIFT_VERSION = 5.0;
				TARGETED_DEVICE_FAMILY = "1,2";
			};
			name = Debug;
		};
		F10R01 /* Release */ = {
			isa = XCBuildConfiguration;
			buildSettings = {
				ALWAYS_SEARCH_USER_PATHS = NO;
				ASSETCATALOG_COMPILER_GENERATE_SWIFT_ASSET_SYMBOL_EXTENSIONS = YES;
				CLANG_ANALYZER_NONNULL = YES;
				CLANG_ANALYZER_NUMBER_OBJECT_CONVERSION = YES_AGGRESSIVE;
				CLANG_CXX_LANGUAGE_STANDARD = "gnu++20";
				CLANG_ENABLE_MODULES = YES;
				CLANG_ENABLE_OBJC_ARC = YES;
				CLANG_ENABLE_OBJC_WEAK = YES;
				CLANG_WARN_BLOCK_CAPTURE_AUTORELEASING = YES;
				CLANG_WARN_BOOL_CONVERSION = YES;
				CLANG_WARN_COMMA = YES;
				CLANG_WARN_CONSTANT_CONVERSION = YES;
				CLANG_WARN_DEPRECATED_OBJC_IMPLEMENTATIONS = YES;
				CLANG_WARN_DIRECT_OBJC_ISA_USAGE = YES_ERROR;
				CLANG_WARN_DOCUMENTATION_COMMENTS = YES;
				CLANG_WARN_EMPTY_BODY = YES;
				CLANG_WARN_ENUM_CONVERSION = YES;
				CLANG_WARN_INFINITE_RECURSION = YES;
				CLANG_WARN_INT_CONVERSION = YES;
				CLANG_WARN_NON_LITERAL_NULL_CONVERSION = YES;
				CLANG_WARN_OBJC_IMPLICIT_RETAIN_SELF = YES;
				CLANG_WARN_OBJC_LITERAL_CONVERSION = YES;
				CLANG_WARN_OBJC_ROOT_CLASS = YES_ERROR;
				CLANG_WARN_QUOTED_INCLUDE_IN_FRAMEWORK_HEADER = YES;
				CLANG_WARN_RANGE_LOOP_ANALYSIS = YES;
				CLANG_WARN_STRICT_PROTOTYPES = YES;
				CLANG_WARN_SUSPICIOUS_MOVE = YES;
				CLANG_WARN_UNGUARDED_AVAILABILITY = YES_AGGRESSIVE;
				CLANG_WARN_UNREACHABLE_CODE = YES;
				CLANG_WARN__DUPLICATE_METHOD_MATCH = YES;
				COPY_PHASE_STRIP = NO;
				DEBUG_INFORMATION_FORMAT = "dwarf-with-dsym";
				ENABLE_NS_ASSERTIONS = NO;
				ENABLE_STRICT_OBJC_MSGSEND = YES;
				ENABLE_USER_SCRIPT_SANDBOXING = YES;
				GCC_C_LANGUAGE_STANDARD = gnu17;
				GCC_NO_COMMON_BLOCKS = YES;
				GCC_WARN_64_TO_32_BIT_CONVERSION = YES;
				GCC_WARN_ABOUT_RETURN_TYPE = YES_ERROR;
				GCC_WARN_UNDECLARED_SELECTOR = YES;
				GCC_WARN_UNINITIALIZED_AUTOS = YES_AGGRESSIVE;
				GCC_WARN_UNUSED_FUNCTION = YES;
				GCC_WARN_UNUSED_VARIABLE = YES;
				IPHONEOS_DEPLOYMENT_TARGET = 17.0;
				MTL_ENABLE_DEBUG_INFO = NO;
				MTL_FAST_MATH = YES;
				SDKROOT = iphoneos;
				SWIFT_COMPILATION_MODE = wholemodule;
				VALIDATE_PRODUCT = YES;
			};
			name = Release;
		};
		F10R02 /* Release */ = {
			isa = XCBuildConfiguration;
			buildSettings = {
				ASSETCATALOG_COMPILER_APPICON_NAME = AppIcon;
				ASSETCATALOG_COMPILER_GLOBAL_ACCENT_COLOR_NAME = AccentColor;
				CODE_SIGN_STYLE = Automatic;
				CURRENT_PROJECT_VERSION = 1;
				DEVELOPMENT_TEAM = N4TKU4CSPM;
				GENERATE_INFOPLIST_FILE = YES;
				INFOPLIST_FILE = Zentime/Info.plist;
				INFOPLIST_KEY_UIApplicationSceneManifest_Generation = YES;
				INFOPLIST_KEY_UIApplicationSupportsIndirectInputEvents = YES;
				INFOPLIST_KEY_UILaunchScreen_Generation = YES;
				INFOPLIST_KEY_UISupportedInterfaceOrientations_iPad = "UIInterfaceOrientationPortrait UIInterfaceOrientationPortraitUpsideDown UIInterfaceOrientationLandscapeLeft UIInterfaceOrientationLandscapeRight";
				INFOPLIST_KEY_UISupportedInterfaceOrientations_iPhone = "UIInterfaceOrientationPortrait UIInterfaceOrientationLandscapeLeft UIInterfaceOrientationLandscapeRight";
				LD_RUNPATH_SEARCH_PATHS = (
					"$(inherited)",
					"@executable_path/Frameworks",
				);
				MARKETING_VERSION = 1.0;
				PRODUCT_BUNDLE_IDENTIFIER = com.zentime.app;
				PRODUCT_NAME = "$(TARGET_NAME)";
				SWIFT_EMIT_LOC_STRINGS = YES;
				SWIFT_VERSION = 5.0;
				TARGETED_DEVICE_FAMILY = "1,2";
			};
			name = Release;
		};
/* End XCBuildConfiguration section */

/* Begin XCConfigurationList section */
		F10001 /* Build configuration list for PBXProject "Zentime" */ = {
			isa = XCConfigurationList;
			buildConfigurations = (
				F10D01 /* Debug */,
				F10R01 /* Release */,
			);
			defaultConfigurationIsVisible = 0;
			defaultConfigurationName = Release;
		};
		F10003 /* Build configuration list for PBXNativeTarget "Zentime" */ = {
			isa = XCConfigurationList;
			buildConfigurations = (
				F10D02 /* Debug */,
				F10R02 /* Release */,
			);
			defaultConfigurationIsVisible = 0;
			defaultConfigurationName = Release;
		};
/* End XCConfigurationList section */
	};
	rootObject = E10000 /* Project object */;
}
